
Microsoft Visual Studio Solution File, Format Version 12.00
# Visual Studio 2013
VisualStudioVersion = 12.0.21005.1
MinimumVisualStudioVersion = 10.0.40219.1
Project("{FAE04EC0-301F-11D3-BF4B-00C04F79EFBC}") = "Terre Natale Calculateur", "Terre Natale Calculateur\Terre Natale Calculateur.csproj", "{3BD85B19-41A2-4659-9A16-80AB977A94B8}"
EndProject
Project("{FAE04EC0-301F-11D3-BF4B-00C04F79EFBC}") = "Calculateur Tests", "Calculateur Tests\Calculateur Tests.csproj", "{200E1935-B170-4D47-B4C1-02A291DAFCAB}"
EndProject
Project("{2150E333-8FDC-42A3-9474-1A3956D46DE8}") = ".nuget", ".nuget", "{B16A3637-D771-4C74-B444-EEA62B6F58FF}"
	ProjectSection(SolutionItems) = preProject
		.nuget\packages.config = .nuget\packages.config
	EndProjectSection
EndProject
Global
	GlobalSection(SolutionConfigurationPlatforms) = preSolution
		Debug|Any CPU = Debug|Any CPU
		Release|Any CPU = Release|Any CPU
	EndGlobalSection
	GlobalSection(ProjectConfigurationPlatforms) = postSolution
		{3BD85B19-41A2-4659-9A16-80AB977A94B8}.Debug|Any CPU.ActiveCfg = Debug|Any CPU
		{3BD85B19-41A2-4659-9A16-80AB977A94B8}.Debug|Any CPU.Build.0 = Debug|Any CPU
		{3BD85B19-41A2-4659-9A16-80AB977A94B8}.Release|Any CPU.ActiveCfg = Release|Any CPU
		{3BD85B19-41A2-4659-9A16-80AB977A94B8}.Release|Any CPU.Build.0 = Release|Any CPU
		{200E1935-B170-4D47-B4C1-02A291DAFCAB}.Debug|Any CPU.ActiveCfg = Debug|Any CPU
		{200E1935-B170-4D47-B4C1-02A291DAFCAB}.Debug|Any CPU.Build.0 = Debug|Any CPU
		{200E1935-B170-4D47-B4C1-02A291DAFCAB}.Release|Any CPU.ActiveCfg = Release|Any CPU
		{200E1935-B170-4D47-B4C1-02A291DAFCAB}.Release|Any CPU.Build.0 = Release|Any CPU
	EndGlobalSection
	GlobalSection(SolutionProperties) = preSolution
		HideSolutionNode = FALSE
	EndGlobalSection
EndGlobal
